
Microsoft Visual Studio Solution File, Format Version 12.00
Project("{FAE04EC0-301F-11D3-BF4B-00C04F79EFBC}") = "setup", "setup\setup.csproj", "{4A4EEA03-79D5-4840-A041-C4D2F4FBEF49}"
EndProject
Project("{FAE04EC0-301F-11D3-BF4B-00C04F79EFBC}") = "Setup2", "Setup2\Setup2.csproj", "{FC6F269A-E7FD-4B16-AF3A-11A1957DCBDE}"
EndProject
Project("{FAE04EC0-301F-11D3-BF4B-00C04F79EFBC}") = "Setup3", "Setup3\Setup3.csproj", "{EC13D4EC-F508-4BA2-A097-FBC7FE055B34}"
EndProject
Project("{FAE04EC0-301F-11D3-BF4B-00C04F79EFBC}") = "Setup3test", "Setup3test\Setup3test.csproj", "{5C986750-0FA1-4E30-B2BC-54BE1B0175EF}"
EndProject
Global
	GlobalSection(SolutionConfigurationPlatforms) = preSolution
		Debug|Any CPU = Debug|Any CPU
		Release|Any CPU = Release|Any CPU
	EndGlobalSection
	GlobalSection(ProjectConfigurationPlatforms) = postSolution
		{4A4EEA03-79D5-4840-A041-C4D2F4FBEF49}.Debug|Any CPU.ActiveCfg = Debug|Any CPU
		{4A4EEA03-79D5-4840-A041-C4D2F4FBEF49}.Debug|Any CPU.Build.0 = Debug|Any CPU
		{4A4EEA03-79D5-4840-A041-C4D2F4FBEF49}.Release|Any CPU.ActiveCfg = Release|Any CPU
		{4A4EEA03-79D5-4840-A041-C4D2F4FBEF49}.Release|Any CPU.Build.0 = Release|Any CPU
		{FC6F269A-E7FD-4B16-AF3A-11A1957DCBDE}.Debug|Any CPU.ActiveCfg = Debug|Any CPU
		{FC6F269A-E7FD-4B16-AF3A-11A1957DCBDE}.Debug|Any CPU.Build.0 = Debug|Any CPU
		{FC6F269A-E7FD-4B16-AF3A-11A1957DCBDE}.Release|Any CPU.ActiveCfg = Release|Any CPU
		{FC6F269A-E7FD-4B16-AF3A-11A1957DCBDE}.Release|Any CPU.Build.0 = Release|Any CPU
		{EC13D4EC-F508-4BA2-A097-FBC7FE055B34}.Debug|Any CPU.ActiveCfg = Debug|Any CPU
		{EC13D4EC-F508-4BA2-A097-FBC7FE055B34}.Debug|Any CPU.Build.0 = Debug|Any CPU
		{EC13D4EC-F508-4BA2-A097-FBC7FE055B34}.Release|Any CPU.ActiveCfg = Release|Any CPU
		{EC13D4EC-F508-4BA2-A097-FBC7FE055B34}.Release|Any CPU.Build.0 = Release|Any CPU
		{5C986750-0FA1-4E30-B2BC-54BE1B0175EF}.Debug|Any CPU.ActiveCfg = Debug|Any CPU
		{5C986750-0FA1-4E30-B2BC-54BE1B0175EF}.Debug|Any CPU.Build.0 = Debug|Any CPU
		{5C986750-0FA1-4E30-B2BC-54BE1B0175EF}.Release|Any CPU.ActiveCfg = Release|Any CPU
		{5C986750-0FA1-4E30-B2BC-54BE1B0175EF}.Release|Any CPU.Build.0 = Release|Any CPU
	EndGlobalSection
EndGlobal
