
Microsoft Visual Studio Solution File, Format Version 12.00
Project("{FAE04EC0-301F-11D3-BF4B-00C04F79EFBC}") = "SpsmbBlog", "SpsmbBlog\SpsmbBlog.csproj", "{04C16B69-FCFE-4472-B977-06F9D4067732}"
EndProject
Project("{FAE04EC0-301F-11D3-BF4B-00C04F79EFBC}") = "SpsmbBlog.DB", "SpsmbBlog.DB\SpsmbBlog.DB.csproj", "{0B89C2D6-146B-4424-ABB7-D8C40C6A304B}"
EndProject
Global
	GlobalSection(SolutionConfigurationPlatforms) = preSolution
		Debug|Any CPU = Debug|Any CPU
		Release|Any CPU = Release|Any CPU
	EndGlobalSection
	GlobalSection(ProjectConfigurationPlatforms) = postSolution
		{04C16B69-FCFE-4472-B977-06F9D4067732}.Debug|Any CPU.ActiveCfg = Debug|Any CPU
		{04C16B69-FCFE-4472-B977-06F9D4067732}.Debug|Any CPU.Build.0 = Debug|Any CPU
		{04C16B69-FCFE-4472-B977-06F9D4067732}.Release|Any CPU.ActiveCfg = Release|Any CPU
		{04C16B69-FCFE-4472-B977-06F9D4067732}.Release|Any CPU.Build.0 = Release|Any CPU
		{0B89C2D6-146B-4424-ABB7-D8C40C6A304B}.Debug|Any CPU.ActiveCfg = Debug|Any CPU
		{0B89C2D6-146B-4424-ABB7-D8C40C6A304B}.Debug|Any CPU.Build.0 = Debug|Any CPU
		{0B89C2D6-146B-4424-ABB7-D8C40C6A304B}.Release|Any CPU.ActiveCfg = Release|Any CPU
		{0B89C2D6-146B-4424-ABB7-D8C40C6A304B}.Release|Any CPU.Build.0 = Release|Any CPU
	EndGlobalSection
EndGlobal
