
Microsoft Visual Studio Solution File, Format Version 12.00
Project("{FAE04EC0-301F-11D3-BF4B-00C04F79EFBC}") = "KeycloakVirgin", "KeycloakVirgin\KeycloakVirgin.csproj", "{9D3F9E85-6736-4226-B092-929E04CAF5FC}"
EndProject
Global
	GlobalSection(SolutionConfigurationPlatforms) = preSolution
		Debug|Any CPU = Debug|Any CPU
		Release|Any CPU = Release|Any CPU
	EndGlobalSection
	GlobalSection(ProjectConfigurationPlatforms) = postSolution
		{9D3F9E85-6736-4226-B092-929E04CAF5FC}.Debug|Any CPU.ActiveCfg = Debug|Any CPU
		{9D3F9E85-6736-4226-B092-929E04CAF5FC}.Debug|Any CPU.Build.0 = Debug|Any CPU
		{9D3F9E85-6736-4226-B092-929E04CAF5FC}.Release|Any CPU.ActiveCfg = Release|Any CPU
		{9D3F9E85-6736-4226-B092-929E04CAF5FC}.Release|Any CPU.Build.0 = Release|Any CPU
	EndGlobalSection
EndGlobal
