
Microsoft Visual Studio Solution File, Format Version 12.00
Project("{FAE04EC0-301F-11D3-BF4B-00C04F79EFBC}") = "SimpleChatApp.BE", "SimpleChatApp.BE\SimpleChatApp.BE.csproj", "{0B60589E-85D5-4FDF-B22C-5D17168C0CCE}"
EndProject
Project("{FAE04EC0-301F-11D3-BF4B-00C04F79EFBC}") = "SimpleChatApp.FE", "SimpleChatApp.FE\SimpleChatApp.FE.csproj", "{DAFD25DA-56EF-4567-AA38-10A10E42ECF4}"
EndProject
Project("{FAE04EC0-301F-11D3-BF4B-00C04F79EFBC}") = "SimpleChatApp.FE.React", "SimpleChatApp.FE.React\SimpleChatApp.FE.React.csproj", "{6368E10D-4A3B-486E-ABB5-FA9B70A20BA0}"
EndProject
Global
	GlobalSection(SolutionConfigurationPlatforms) = preSolution
		Debug|Any CPU = Debug|Any CPU
		Release|Any CPU = Release|Any CPU
	EndGlobalSection
	GlobalSection(ProjectConfigurationPlatforms) = postSolution
		{0B60589E-85D5-4FDF-B22C-5D17168C0CCE}.Debug|Any CPU.ActiveCfg = Debug|Any CPU
		{0B60589E-85D5-4FDF-B22C-5D17168C0CCE}.Debug|Any CPU.Build.0 = Debug|Any CPU
		{0B60589E-85D5-4FDF-B22C-5D17168C0CCE}.Release|Any CPU.ActiveCfg = Release|Any CPU
		{0B60589E-85D5-4FDF-B22C-5D17168C0CCE}.Release|Any CPU.Build.0 = Release|Any CPU
		{DAFD25DA-56EF-4567-AA38-10A10E42ECF4}.Debug|Any CPU.ActiveCfg = Debug|Any CPU
		{DAFD25DA-56EF-4567-AA38-10A10E42ECF4}.Debug|Any CPU.Build.0 = Debug|Any CPU
		{DAFD25DA-56EF-4567-AA38-10A10E42ECF4}.Release|Any CPU.ActiveCfg = Release|Any CPU
		{DAFD25DA-56EF-4567-AA38-10A10E42ECF4}.Release|Any CPU.Build.0 = Release|Any CPU
		{6368E10D-4A3B-486E-ABB5-FA9B70A20BA0}.Debug|Any CPU.ActiveCfg = Debug|Any CPU
		{6368E10D-4A3B-486E-ABB5-FA9B70A20BA0}.Debug|Any CPU.Build.0 = Debug|Any CPU
		{6368E10D-4A3B-486E-ABB5-FA9B70A20BA0}.Release|Any CPU.ActiveCfg = Release|Any CPU
		{6368E10D-4A3B-486E-ABB5-FA9B70A20BA0}.Release|Any CPU.Build.0 = Release|Any CPU
	EndGlobalSection
EndGlobal
