
Microsoft Visual Studio Solution File, Format Version 12.00
Project("{FAE04EC0-301F-11D3-BF4B-00C04F79EFBC}") = "DrawingLayer", "DrawingLayer\DrawingLayer.csproj", "{2EECBC47-59C3-4287-876B-630C36EF40B9}"
EndProject
Project("{FAE04EC0-301F-11D3-BF4B-00C04F79EFBC}") = "App1", "App1\App1.csproj", "{0FCE9719-0927-4389-9868-CA858491DF0D}"
EndProject
Global
	GlobalSection(SolutionConfigurationPlatforms) = preSolution
		Debug|Any CPU = Debug|Any CPU
		Release|Any CPU = Release|Any CPU
	EndGlobalSection
	GlobalSection(ProjectConfigurationPlatforms) = postSolution
		{2EECBC47-59C3-4287-876B-630C36EF40B9}.Debug|Any CPU.ActiveCfg = Debug|Any CPU
		{2EECBC47-59C3-4287-876B-630C36EF40B9}.Debug|Any CPU.Build.0 = Debug|Any CPU
		{2EECBC47-59C3-4287-876B-630C36EF40B9}.Release|Any CPU.ActiveCfg = Release|Any CPU
		{2EECBC47-59C3-4287-876B-630C36EF40B9}.Release|Any CPU.Build.0 = Release|Any CPU
		{0FCE9719-0927-4389-9868-CA858491DF0D}.Debug|Any CPU.ActiveCfg = Debug|Any CPU
		{0FCE9719-0927-4389-9868-CA858491DF0D}.Debug|Any CPU.Build.0 = Debug|Any CPU
		{0FCE9719-0927-4389-9868-CA858491DF0D}.Release|Any CPU.ActiveCfg = Release|Any CPU
		{0FCE9719-0927-4389-9868-CA858491DF0D}.Release|Any CPU.Build.0 = Release|Any CPU
	EndGlobalSection
EndGlobal
