
Microsoft Visual Studio Solution File, Format Version 12.00
Project("{FAE04EC0-301F-11D3-BF4B-00C04F79EFBC}") = "MathLibrary", "MathLibrary\MathLibrary.csproj", "{C3BC3897-17C3-40F7-8D73-B55197A2347A}"
EndProject
Project("{FAE04EC0-301F-11D3-BF4B-00C04F79EFBC}") = "App", "App\App.csproj", "{1CA0BFDC-1620-49DD-B933-1608DCA88716}"
EndProject
Project("{FAE04EC0-301F-11D3-BF4B-00C04F79EFBC}") = "ConsoleLibrary", "ConsoleLibrary\ConsoleLibrary.csproj", "{284B6E5B-CD29-43FF-8DF3-D3F427074223}"
EndProject
Global
	GlobalSection(SolutionConfigurationPlatforms) = preSolution
		Debug|Any CPU = Debug|Any CPU
		Release|Any CPU = Release|Any CPU
	EndGlobalSection
	GlobalSection(ProjectConfigurationPlatforms) = postSolution
		{C3BC3897-17C3-40F7-8D73-B55197A2347A}.Debug|Any CPU.ActiveCfg = Debug|Any CPU
		{C3BC3897-17C3-40F7-8D73-B55197A2347A}.Debug|Any CPU.Build.0 = Debug|Any CPU
		{C3BC3897-17C3-40F7-8D73-B55197A2347A}.Release|Any CPU.ActiveCfg = Release|Any CPU
		{C3BC3897-17C3-40F7-8D73-B55197A2347A}.Release|Any CPU.Build.0 = Release|Any CPU
		{1CA0BFDC-1620-49DD-B933-1608DCA88716}.Debug|Any CPU.ActiveCfg = Debug|Any CPU
		{1CA0BFDC-1620-49DD-B933-1608DCA88716}.Debug|Any CPU.Build.0 = Debug|Any CPU
		{1CA0BFDC-1620-49DD-B933-1608DCA88716}.Release|Any CPU.ActiveCfg = Release|Any CPU
		{1CA0BFDC-1620-49DD-B933-1608DCA88716}.Release|Any CPU.Build.0 = Release|Any CPU
		{284B6E5B-CD29-43FF-8DF3-D3F427074223}.Debug|Any CPU.ActiveCfg = Debug|Any CPU
		{284B6E5B-CD29-43FF-8DF3-D3F427074223}.Debug|Any CPU.Build.0 = Debug|Any CPU
		{284B6E5B-CD29-43FF-8DF3-D3F427074223}.Release|Any CPU.ActiveCfg = Release|Any CPU
		{284B6E5B-CD29-43FF-8DF3-D3F427074223}.Release|Any CPU.Build.0 = Release|Any CPU
	EndGlobalSection
EndGlobal
